
Microsoft Visual Studio Solution File, Format Version 12.00
# Visual Studio 2012
Project("{FAE04EC0-301F-11D3-BF4B-00C04F79EFBC}") = "RatingCandidate", "RatingCandidate\RatingCandidate.csproj", "{8E1B7796-621A-46BE-B749-3AFC709FAD09}"
EndProject
Project("{FAE04EC0-301F-11D3-BF4B-00C04F79EFBC}") = "RatingCandidate.Tests", "RatingCandidate.Tests\RatingCandidate.Tests.csproj", "{CF15D901-467E-4EBC-B08D-A801E40FC0A3}"
EndProject
Global
	GlobalSection(SolutionConfigurationPlatforms) = preSolution
		Debug|Any CPU = Debug|Any CPU
		Release|Any CPU = Release|Any CPU
	EndGlobalSection
	GlobalSection(ProjectConfigurationPlatforms) = postSolution
		{8E1B7796-621A-46BE-B749-3AFC709FAD09}.Debug|Any CPU.ActiveCfg = Debug|Any CPU
		{8E1B7796-621A-46BE-B749-3AFC709FAD09}.Debug|Any CPU.Build.0 = Debug|Any CPU
		{8E1B7796-621A-46BE-B749-3AFC709FAD09}.Release|Any CPU.ActiveCfg = Release|Any CPU
		{8E1B7796-621A-46BE-B749-3AFC709FAD09}.Release|Any CPU.Build.0 = Release|Any CPU
		{CF15D901-467E-4EBC-B08D-A801E40FC0A3}.Debug|Any CPU.ActiveCfg = Debug|Any CPU
		{CF15D901-467E-4EBC-B08D-A801E40FC0A3}.Debug|Any CPU.Build.0 = Debug|Any CPU
		{CF15D901-467E-4EBC-B08D-A801E40FC0A3}.Release|Any CPU.ActiveCfg = Release|Any CPU
		{CF15D901-467E-4EBC-B08D-A801E40FC0A3}.Release|Any CPU.Build.0 = Release|Any CPU
	EndGlobalSection
	GlobalSection(SolutionProperties) = preSolution
		HideSolutionNode = FALSE
	EndGlobalSection
EndGlobal
